{
  "nodes": {
    "ags": {
      "inputs": {
        "nixpkgs": "nixpkgs"
      },
      "locked": {
        "lastModified": 1702860772,
        "narHash": "sha256-fRJh1DHuyWgXideo2Odp/BB1mROC8HbUiSnhkn5QmFY=",
        "owner": "Aylur",
        "repo": "ags",
        "rev": "fd4dc0c5ac9a5a8e380927ae047b10d7c4092bc1",
        "type": "github"
      },
      "original": {
        "owner": "Aylur",
        "repo": "ags",
        "type": "github"
      }
    },
    "anyrun": {
      "inputs": {
        "flake-parts": "flake-parts",
        "nixpkgs": [
          "nixpkgs"
        ]
      },
      "locked": {
        "lastModified": 1701453400,
        "narHash": "sha256-hI9+KBShsSfvWX7bmRa/1VI20WGat3lDXmbceMZzMS4=",
        "owner": "Kirottu",
        "repo": "anyrun",
        "rev": "e14da6c37337ffa3ee1bc66965d58ef64c1590e5",
        "type": "github"
      },
      "original": {
        "owner": "Kirottu",
        "repo": "anyrun",
        "type": "github"
      }
    },
    "emacs": {
      "inputs": {
        "flake-utils": "flake-utils",
        "nixpkgs": "nixpkgs_2",
        "nixpkgs-stable": "nixpkgs-stable"
      },
      "locked": {
        "lastModified": 1702399955,
        "narHash": "sha256-FnB5O1RVFzj3h7Ayf7UxFnOL1gsJuG6gn1LCTd9dKFs=",
        "owner": "nix-community",
        "repo": "emacs-overlay",
        "rev": "47798c4ab07d5f055bb2625010cf6d8e3f384923",
        "type": "github"
      },
      "original": {
        "owner": "nix-community",
        "repo": "emacs-overlay",
        "type": "github"
      }
    },
    "flake-compat": {
      "locked": {
        "lastModified": 1688025799,
        "narHash": "sha256-ktpB4dRtnksm9F5WawoIkEneh1nrEvuxb5lJFt1iOyw=",
        "owner": "nix-community",
        "repo": "flake-compat",
        "rev": "8bf105319d44f6b9f0d764efa4fdef9f1cc9ba1c",
        "type": "github"
      },
      "original": {
        "owner": "nix-community",
        "repo": "flake-compat",
        "type": "github"
      }
    },
    "flake-parts": {
      "inputs": {
        "nixpkgs-lib": [
          "anyrun",
          "nixpkgs"
        ]
      },
      "locked": {
        "lastModified": 1696343447,
        "narHash": "sha256-B2xAZKLkkeRFG5XcHHSXXcP7To9Xzr59KXeZiRf4vdQ=",
        "owner": "hercules-ci",
        "repo": "flake-parts",
        "rev": "c9afaba3dfa4085dbd2ccb38dfade5141e33d9d4",
        "type": "github"
      },
      "original": {
        "owner": "hercules-ci",
        "repo": "flake-parts",
        "type": "github"
      }
    },
    "flake-parts_2": {
      "inputs": {
        "nixpkgs-lib": [
          "nixpkgs-wayland",
          "nix-eval-jobs",
          "nixpkgs"
        ]
      },
      "locked": {
        "lastModified": 1701473968,
        "narHash": "sha256-YcVE5emp1qQ8ieHUnxt1wCZCC3ZfAS+SRRWZ2TMda7E=",
        "owner": "hercules-ci",
        "repo": "flake-parts",
        "rev": "34fed993f1674c8d06d58b37ce1e0fe5eebcb9f5",
        "type": "github"
      },
      "original": {
        "owner": "hercules-ci",
        "repo": "flake-parts",
        "type": "github"
      }
    },
    "flake-utils": {
      "inputs": {
        "systems": "systems"
      },
      "locked": {
        "lastModified": 1701680307,
        "narHash": "sha256-kAuep2h5ajznlPMD9rnQyffWG8EM/C73lejGofXvdM8=",
        "owner": "numtide",
        "repo": "flake-utils",
        "rev": "4022d587cbbfd70fe950c1e2083a02621806a725",
        "type": "github"
      },
      "original": {
        "owner": "numtide",
        "repo": "flake-utils",
        "type": "github"
      }
    },
    "flake-utils_2": {
      "inputs": {
        "systems": "systems_3"
      },
      "locked": {
        "lastModified": 1701680307,
        "narHash": "sha256-kAuep2h5ajznlPMD9rnQyffWG8EM/C73lejGofXvdM8=",
        "owner": "numtide",
        "repo": "flake-utils",
        "rev": "4022d587cbbfd70fe950c1e2083a02621806a725",
        "type": "github"
      },
      "original": {
        "owner": "numtide",
        "repo": "flake-utils",
        "type": "github"
      }
    },
    "flake-utils_3": {
      "inputs": {
        "systems": "systems_4"
      },
      "locked": {
        "lastModified": 1681202837,
        "narHash": "sha256-H+Rh19JDwRtpVPAWp64F+rlEtxUWBAQW28eAi3SRSzg=",
        "owner": "numtide",
        "repo": "flake-utils",
        "rev": "cfacdce06f30d2b68473a46042957675eebb3401",
        "type": "github"
      },
      "original": {
        "owner": "numtide",
        "repo": "flake-utils",
        "type": "github"
      }
    },
    "flake-utils_4": {
      "inputs": {
        "systems": [
          "pyprland",
          "systems"
        ]
      },
      "locked": {
        "lastModified": 1689068808,
        "narHash": "sha256-6ixXo3wt24N/melDWjq70UuHQLxGV8jZvooRanIHXw0=",
        "owner": "numtide",
        "repo": "flake-utils",
        "rev": "919d646de7be200f3bf08cb76ae1f09402b6f9b4",
        "type": "github"
      },
      "original": {
        "owner": "numtide",
        "repo": "flake-utils",
        "type": "github"
      }
    },
    "flake-utils_5": {
      "inputs": {
        "systems": "systems_6"
      },
      "locked": {
        "lastModified": 1694529238,
        "narHash": "sha256-zsNZZGTGnMOf9YpHKJqMSsa0dXbfmxeoJ7xHlrt+xmY=",
        "owner": "numtide",
        "repo": "flake-utils",
        "rev": "ff7b65b44d01cf9ba6a71320833626af21126384",
        "type": "github"
      },
      "original": {
        "owner": "numtide",
        "repo": "flake-utils",
        "type": "github"
      }
    },
    "home-manager": {
      "inputs": {
        "nixpkgs": [
          "nixpkgs"
        ]
      },
      "locked": {
        "lastModified": 1702937117,
        "narHash": "sha256-4GjkL2D01bDg00UZN/SeGrnBZrDVOFeZTbQx6U702Vc=",
        "owner": "nix-community",
        "repo": "home-manager",
        "rev": "e8aaced73ebaf6bfa8e3c6ab0a19cb184bc4d798",
        "type": "github"
      },
      "original": {
        "owner": "nix-community",
        "repo": "home-manager",
        "type": "github"
      }
    },
    "hyprland": {
      "inputs": {
        "hyprland-protocols": "hyprland-protocols",
        "nixpkgs": "nixpkgs_3",
        "systems": "systems_2",
        "wlroots": "wlroots",
        "xdph": "xdph"
      },
      "locked": {
        "lastModified": 1702942390,
        "narHash": "sha256-RrYg08s00PAoIIrXMbmyqHbNpj7MER0vUmdI8oaOSQI=",
        "owner": "hyprwm",
        "repo": "Hyprland",
        "rev": "ef445093f9fbd9a41a91914ef45e6499b3afa54d",
        "type": "github"
      },
      "original": {
        "owner": "hyprwm",
        "repo": "Hyprland",
        "type": "github"
      }
    },
    "hyprland-protocols": {
      "inputs": {
        "nixpkgs": [
          "hyprland",
          "nixpkgs"
        ],
        "systems": [
          "hyprland",
          "systems"
        ]
      },
      "locked": {
        "lastModified": 1691753796,
        "narHash": "sha256-zOEwiWoXk3j3+EoF3ySUJmberFewWlagvewDRuWYAso=",
        "owner": "hyprwm",
        "repo": "hyprland-protocols",
        "rev": "0c2ce70625cb30aef199cb388f99e19a61a6ce03",
        "type": "github"
      },
      "original": {
        "owner": "hyprwm",
        "repo": "hyprland-protocols",
        "type": "github"
      }
    },
    "lib-aggregate": {
      "inputs": {
        "flake-utils": "flake-utils_2",
        "nixpkgs-lib": "nixpkgs-lib"
      },
      "locked": {
        "lastModified": 1702814943,
        "narHash": "sha256-tNKSDbtoEDfCTs30dyW0Fcj4KJpjzTRASL6f2BbuSKE=",
        "owner": "nix-community",
        "repo": "lib-aggregate",
        "rev": "ac8b1c4cfb2f9111e709aaf503511df354e86733",
        "type": "github"
      },
      "original": {
        "owner": "nix-community",
        "repo": "lib-aggregate",
        "type": "github"
      }
    },
    "musnix": {
      "inputs": {
        "nixpkgs": "nixpkgs_4"
      },
      "locked": {
        "lastModified": 1702456985,
        "narHash": "sha256-mnjCk8mINY4t5uIwP2eR19FOQXHTCO68+KsgKFTv1NI=",
        "owner": "musnix",
        "repo": "musnix",
        "rev": "cf93a72da8ad677864045e9a5dd32170378d9a62",
        "type": "github"
      },
      "original": {
        "owner": "musnix",
        "repo": "musnix",
        "type": "github"
      }
    },
    "mynur": {
      "inputs": {
        "nixpkgs": "nixpkgs_5"
      },
      "locked": {
        "lastModified": 1702833121,
        "narHash": "sha256-1UF67DYFgIQbVf+OTXddyjtooGA8ApnAMEsuzIIfC4s=",
        "owner": "A7R7",
        "repo": "nur-packages",
        "rev": "0b987615c3c3d6a996e62a4c7dc25f2fc7c4f7c4",
        "type": "github"
      },
      "original": {
        "owner": "A7R7",
        "repo": "nur-packages",
        "type": "github"
      }
    },
    "nix-eval-jobs": {
      "inputs": {
        "flake-parts": "flake-parts_2",
        "nix-github-actions": "nix-github-actions",
        "nixpkgs": "nixpkgs_7",
        "treefmt-nix": "treefmt-nix"
      },
      "locked": {
        "lastModified": 1702815315,
        "narHash": "sha256-LEpv7kvB7KPj/6BoNYWMcVjRezTJe6FNmg5kCKZQxMk=",
        "owner": "nix-community",
        "repo": "nix-eval-jobs",
        "rev": "3c6e1234af3aa26fc60d0969619cf6806ec51639",
        "type": "github"
      },
      "original": {
        "owner": "nix-community",
        "repo": "nix-eval-jobs",
        "type": "github"
      }
    },
    "nix-github-actions": {
      "inputs": {
        "nixpkgs": [
          "nixpkgs-wayland",
          "nix-eval-jobs",
          "nixpkgs"
        ]
      },
      "locked": {
        "lastModified": 1701208414,
        "narHash": "sha256-xrQ0FyhwTZK6BwKhahIkUVZhMNk21IEI1nUcWSONtpo=",
        "owner": "nix-community",
        "repo": "nix-github-actions",
        "rev": "93e39cc1a087d65bcf7a132e75a650c44dd2b734",
        "type": "github"
      },
      "original": {
        "owner": "nix-community",
        "repo": "nix-github-actions",
        "type": "github"
      }
    },
    "nix-github-actions_2": {
      "inputs": {
        "nixpkgs": [
          "pyprland",
          "poetry2nix",
          "nixpkgs"
        ]
      },
      "locked": {
        "lastModified": 1698974481,
        "narHash": "sha256-yPncV9Ohdz1zPZxYHQf47S8S0VrnhV7nNhCawY46hDA=",
        "owner": "nix-community",
        "repo": "nix-github-actions",
        "rev": "4bb5e752616262457bc7ca5882192a564c0472d2",
        "type": "github"
      },
      "original": {
        "owner": "nix-community",
        "repo": "nix-github-actions",
        "type": "github"
      }
    },
    "nixpkgs": {
      "locked": {
        "lastModified": 1693471703,
        "narHash": "sha256-0l03ZBL8P1P6z8MaSDS/MvuU8E75rVxe5eE1N6gxeTo=",
        "owner": "NixOS",
        "repo": "nixpkgs",
        "rev": "3e52e76b70d5508f3cec70b882a29199f4d1ee85",
        "type": "github"
      },
      "original": {
        "owner": "NixOS",
        "ref": "nixos-unstable",
        "repo": "nixpkgs",
        "type": "github"
      }
    },
    "nixpkgs-2305": {
      "locked": {
        "lastModified": 1702759837,
        "narHash": "sha256-u3XeJVRe/Q975nwFE+6ALEwypMKJEELMJKDAhSKyq3M=",
        "owner": "nixos",
        "repo": "nixpkgs",
        "rev": "b2566f4f897ac6224e094b167d9488d03e157f28",
        "type": "github"
      },
      "original": {
        "owner": "nixos",
        "ref": "nixos-23.05",
        "repo": "nixpkgs",
        "type": "github"
      }
    },
    "nixpkgs-2311": {
      "locked": {
        "lastModified": 1702780907,
        "narHash": "sha256-blbrBBXjjZt6OKTcYX1jpe9SRof2P9ZYWPzq22tzXAA=",
        "owner": "nixos",
        "repo": "nixpkgs",
        "rev": "1e2e384c5b7c50dbf8e9c441a9e58d85f408b01f",
        "type": "github"
      },
      "original": {
        "owner": "nixos",
        "ref": "nixos-23.11",
        "repo": "nixpkgs",
        "type": "github"
      }
    },
    "nixpkgs-lib": {
      "locked": {
        "lastModified": 1702774034,
        "narHash": "sha256-M0IsUA89EKHL8IDx9bf+e2W2l1kMRpaZ4h08navMXig=",
        "owner": "nix-community",
        "repo": "nixpkgs.lib",
        "rev": "9b4f1493009b8d2f55a525a01de10addc9a0a752",
        "type": "github"
      },
      "original": {
        "owner": "nix-community",
        "repo": "nixpkgs.lib",
        "type": "github"
      }
    },
    "nixpkgs-stable": {
      "locked": {
        "lastModified": 1702221085,
        "narHash": "sha256-Br3GCSkkvkmw46cT6wCz6ro2H1WgDMWbKE0qctbdtL0=",
        "owner": "NixOS",
        "repo": "nixpkgs",
        "rev": "c2786e7084cbad90b4f9472d5b5e35ecb57958af",
        "type": "github"
      },
      "original": {
        "owner": "NixOS",
        "ref": "nixos-23.05",
        "repo": "nixpkgs",
        "type": "github"
      }
    },
    "nixpkgs-wayland": {
      "inputs": {
        "flake-compat": "flake-compat",
        "lib-aggregate": "lib-aggregate",
        "nix-eval-jobs": "nix-eval-jobs",
        "nixpkgs": "nixpkgs_8"
      },
      "locked": {
        "lastModified": 1702916415,
        "narHash": "sha256-U93S8OgC4LPI81odNOMmRkOF6uZKzYmOvEgYSX6B3J0=",
        "owner": "nix-community",
        "repo": "nixpkgs-wayland",
        "rev": "4c37443fab26eef1ed87b4f5c8ec19ed7eaa113f",
        "type": "github"
      },
      "original": {
        "owner": "nix-community",
        "repo": "nixpkgs-wayland",
        "type": "github"
      }
    },
    "nixpkgs_10": {
      "locked": {
        "lastModified": 1699781429,
        "narHash": "sha256-UYefjidASiLORAjIvVsUHG6WBtRhM67kTjEY4XfZOFs=",
        "owner": "nixos",
        "repo": "nixpkgs",
        "rev": "e44462d6021bfe23dfb24b775cc7c390844f773d",
        "type": "github"
      },
      "original": {
        "owner": "nixos",
        "ref": "nixos-unstable",
        "repo": "nixpkgs",
        "type": "github"
      }
    },
    "nixpkgs_2": {
      "locked": {
        "lastModified": 1702151865,
        "narHash": "sha256-9VAt19t6yQa7pHZLDbil/QctAgVsA66DLnzdRGqDisg=",
        "owner": "NixOS",
        "repo": "nixpkgs",
        "rev": "666fc80e7b2afb570462423cb0e1cf1a3a34fedd",
        "type": "github"
      },
      "original": {
        "owner": "NixOS",
        "ref": "nixos-unstable",
        "repo": "nixpkgs",
        "type": "github"
      }
    },
    "nixpkgs_3": {
      "locked": {
        "lastModified": 1702312524,
        "narHash": "sha256-gkZJRDBUCpTPBvQk25G0B7vfbpEYM5s5OZqghkjZsnE=",
        "owner": "NixOS",
        "repo": "nixpkgs",
        "rev": "a9bf124c46ef298113270b1f84a164865987a91c",
        "type": "github"
      },
      "original": {
        "owner": "NixOS",
        "ref": "nixos-unstable",
        "repo": "nixpkgs",
        "type": "github"
      }
    },
    "nixpkgs_4": {
      "locked": {
        "lastModified": 1690272529,
        "narHash": "sha256-MakzcKXEdv/I4qJUtq/k/eG+rVmyOZLnYNC2w1mB59Y=",
        "owner": "NixOS",
        "repo": "nixpkgs",
        "rev": "ef99fa5c5ed624460217c31ac4271cfb5cb2502c",
        "type": "github"
      },
      "original": {
        "owner": "NixOS",
        "ref": "nixos-unstable",
        "repo": "nixpkgs",
        "type": "github"
      }
    },
    "nixpkgs_5": {
      "locked": {
        "lastModified": 1702172177,
        "narHash": "sha256-2T1DjuXz0bVxy5g8oF9FYioHOLWkXw5EdW687NDQakE=",
        "owner": "NixOS",
        "repo": "nixpkgs",
        "rev": "2873a73123077953f3e6f34964466018876d87c4",
        "type": "github"
      },
      "original": {
        "owner": "NixOS",
        "ref": "nixpkgs-unstable",
        "repo": "nixpkgs",
        "type": "github"
      }
    },
    "nixpkgs_6": {
      "locked": {
        "lastModified": 1702830618,
        "narHash": "sha256-lvhwIvRwhOLgzbRuYkqHy4M5cQHYs4ktL6/hyuBS6II=",
        "owner": "nixos",
        "repo": "nixpkgs",
        "rev": "91a00709aebb3602f172a0bf47ba1ef013e34835",
        "type": "github"
      },
      "original": {
        "owner": "nixos",
        "ref": "nixos-unstable",
        "repo": "nixpkgs",
        "type": "github"
      }
    },
    "nixpkgs_7": {
      "locked": {
        "lastModified": 1702539185,
        "narHash": "sha256-KnIRG5NMdLIpEkZTnN5zovNYc0hhXjAgv6pfd5Z4c7U=",
        "owner": "NixOS",
        "repo": "nixpkgs",
        "rev": "aa9d4729cbc99dabacb50e3994dcefb3ea0f7447",
        "type": "github"
      },
      "original": {
        "owner": "NixOS",
        "ref": "nixpkgs-unstable",
        "repo": "nixpkgs",
        "type": "github"
      }
    },
    "nixpkgs_8": {
      "locked": {
        "lastModified": 1702312524,
        "narHash": "sha256-gkZJRDBUCpTPBvQk25G0B7vfbpEYM5s5OZqghkjZsnE=",
        "owner": "nixos",
        "repo": "nixpkgs",
        "rev": "a9bf124c46ef298113270b1f84a164865987a91c",
        "type": "github"
      },
      "original": {
        "owner": "nixos",
        "ref": "nixos-unstable",
        "repo": "nixpkgs",
        "type": "github"
      }
    },
    "nixpkgs_9": {
      "locked": {
        "lastModified": 1635350005,
        "narHash": "sha256-tAMJnUwfaDEB2aa31jGcu7R7bzGELM9noc91L2PbVjg=",
        "owner": "NixOS",
        "repo": "nixpkgs",
        "rev": "1c1f5649bb9c1b0d98637c8c365228f57126f361",
        "type": "github"
      },
      "original": {
        "owner": "NixOS",
        "ref": "nixos-20.09",
        "repo": "nixpkgs",
        "type": "github"
      }
    },
    "nur": {
      "locked": {
        "lastModified": 1702945779,
        "narHash": "sha256-r56B8tUppjKOdA+r2NEk5Q3/Kef7U3SeGWTC0wWVttw=",
        "owner": "nix-community",
        "repo": "NUR",
        "rev": "a986d4b19eb2436c3bebb7d05a755b5786ee9993",
        "type": "github"
      },
      "original": {
        "owner": "nix-community",
        "repo": "NUR",
        "type": "github"
      }
    },
    "pip2nix": {
      "inputs": {
        "flake-utils": "flake-utils_3",
        "nixpkgs": "nixpkgs_9"
      },
      "locked": {
        "lastModified": 1681921436,
        "narHash": "sha256-jrUOMhpOFxrgCXNgMWz475nKZdMiSQb0+nbaIqQORSM=",
        "owner": "nix-community",
        "repo": "pip2nix",
        "rev": "2ad8bd4c841116a1b9ab7853a53ed2d38e0ab93f",
        "type": "github"
      },
      "original": {
        "owner": "nix-community",
        "repo": "pip2nix",
        "type": "github"
      }
    },
    "poetry2nix": {
      "inputs": {
        "flake-utils": [
          "pyprland",
          "flake-utils"
        ],
        "nix-github-actions": "nix-github-actions_2",
        "nixpkgs": [
          "pyprland",
          "nixpkgs"
        ],
        "systems": [
          "pyprland",
          "systems"
        ],
        "treefmt-nix": "treefmt-nix_2"
      },
      "locked": {
        "lastModified": 1700037952,
        "narHash": "sha256-MzL7bcRscLNU4LMvKk5pmWeP63BMcR8HDxGyTb4W/Q4=",
        "owner": "nix-community",
        "repo": "poetry2nix",
        "rev": "60b5f2afd4c196fcc3082ecba26d533205d35d8e",
        "type": "github"
      },
      "original": {
        "owner": "nix-community",
        "repo": "poetry2nix",
        "type": "github"
      }
    },
    "pyprland": {
      "inputs": {
        "flake-utils": "flake-utils_4",
        "nixpkgs": "nixpkgs_10",
        "poetry2nix": "poetry2nix",
        "systems": "systems_5"
      },
      "locked": {
        "lastModified": 1702236512,
        "narHash": "sha256-FJPCd7qsjvaRQR9V65HTYWCZjkcVbDPoN91EpFEJ9zk=",
        "owner": "A7R7",
        "repo": "pyprland",
        "rev": "03fcc90af4b5c116122ece7ed88cf653ebeb0e99",
        "type": "github"
      },
      "original": {
        "owner": "A7R7",
        "repo": "pyprland",
        "type": "github"
      }
    },
    "root": {
      "inputs": {
        "ags": "ags",
        "anyrun": "anyrun",
        "emacs": "emacs",
        "home-manager": "home-manager",
        "hyprland": "hyprland",
        "musnix": "musnix",
        "mynur": "mynur",
        "nixpkgs": "nixpkgs_6",
        "nixpkgs-2305": "nixpkgs-2305",
        "nixpkgs-2311": "nixpkgs-2311",
        "nixpkgs-wayland": "nixpkgs-wayland",
        "nur": "nur",
        "pip2nix": "pip2nix",
        "pyprland": "pyprland",
        "utils": "utils"
      }
    },
    "systems": {
      "locked": {
        "lastModified": 1681028828,
        "narHash": "sha256-Vy1rq5AaRuLzOxct8nz4T6wlgyUR7zLU309k9mBC768=",
        "owner": "nix-systems",
        "repo": "default",
        "rev": "da67096a3b9bf56a91d16901293e51ba5b49a27e",
        "type": "github"
      },
      "original": {
        "owner": "nix-systems",
        "repo": "default",
        "type": "github"
      }
    },
    "systems_2": {
      "locked": {
        "lastModified": 1689347949,
        "narHash": "sha256-12tWmuL2zgBgZkdoB6qXZsgJEH9LR3oUgpaQq2RbI80=",
        "owner": "nix-systems",
        "repo": "default-linux",
        "rev": "31732fcf5e8fea42e59c2488ad31a0e651500f68",
        "type": "github"
      },
      "original": {
        "owner": "nix-systems",
        "repo": "default-linux",
        "type": "github"
      }
    },
    "systems_3": {
      "locked": {
        "lastModified": 1681028828,
        "narHash": "sha256-Vy1rq5AaRuLzOxct8nz4T6wlgyUR7zLU309k9mBC768=",
        "owner": "nix-systems",
        "repo": "default",
        "rev": "da67096a3b9bf56a91d16901293e51ba5b49a27e",
        "type": "github"
      },
      "original": {
        "owner": "nix-systems",
        "repo": "default",
        "type": "github"
      }
    },
    "systems_4": {
      "locked": {
        "lastModified": 1681028828,
        "narHash": "sha256-Vy1rq5AaRuLzOxct8nz4T6wlgyUR7zLU309k9mBC768=",
        "owner": "nix-systems",
        "repo": "default",
        "rev": "da67096a3b9bf56a91d16901293e51ba5b49a27e",
        "type": "github"
      },
      "original": {
        "owner": "nix-systems",
        "repo": "default",
        "type": "github"
      }
    },
    "systems_5": {
      "locked": {
        "lastModified": 1681028828,
        "narHash": "sha256-Vy1rq5AaRuLzOxct8nz4T6wlgyUR7zLU309k9mBC768=",
        "owner": "nix-systems",
        "repo": "default",
        "rev": "da67096a3b9bf56a91d16901293e51ba5b49a27e",
        "type": "github"
      },
      "original": {
        "owner": "nix-systems",
        "repo": "default",
        "type": "github"
      }
    },
    "systems_6": {
      "locked": {
        "lastModified": 1681028828,
        "narHash": "sha256-Vy1rq5AaRuLzOxct8nz4T6wlgyUR7zLU309k9mBC768=",
        "owner": "nix-systems",
        "repo": "default",
        "rev": "da67096a3b9bf56a91d16901293e51ba5b49a27e",
        "type": "github"
      },
      "original": {
        "owner": "nix-systems",
        "repo": "default",
        "type": "github"
      }
    },
    "treefmt-nix": {
      "inputs": {
        "nixpkgs": [
          "nixpkgs-wayland",
          "nix-eval-jobs",
          "nixpkgs"
        ]
      },
      "locked": {
        "lastModified": 1702461037,
        "narHash": "sha256-ssyGxfGHRuuLHuMex+vV6RMOt7nAo07nwufg9L5GkLg=",
        "owner": "numtide",
        "repo": "treefmt-nix",
        "rev": "d06b70e5163a903f19009c3f97770014787a080f",
        "type": "github"
      },
      "original": {
        "owner": "numtide",
        "repo": "treefmt-nix",
        "type": "github"
      }
    },
    "treefmt-nix_2": {
      "inputs": {
        "nixpkgs": [
          "pyprland",
          "poetry2nix",
          "nixpkgs"
        ]
      },
      "locked": {
        "lastModified": 1699786194,
        "narHash": "sha256-3h3EH1FXQkIeAuzaWB+nK0XK54uSD46pp+dMD3gAcB4=",
        "owner": "numtide",
        "repo": "treefmt-nix",
        "rev": "e82f32aa7f06bbbd56d7b12186d555223dc399d1",
        "type": "github"
      },
      "original": {
        "owner": "numtide",
        "repo": "treefmt-nix",
        "type": "github"
      }
    },
    "utils": {
      "inputs": {
        "flake-utils": "flake-utils_5"
      },
      "locked": {
        "lastModified": 1696331477,
        "narHash": "sha256-YkbRa/1wQWdWkVJ01JvV+75KIdM37UErqKgTf0L54Fk=",
        "owner": "gytis-ivaskevicius",
        "repo": "flake-utils-plus",
        "rev": "bfc53579db89de750b25b0c5e7af299e0c06d7d3",
        "type": "github"
      },
      "original": {
        "owner": "gytis-ivaskevicius",
        "repo": "flake-utils-plus",
        "type": "github"
      }
    },
    "wlroots": {
      "flake": false,
      "locked": {
        "host": "gitlab.freedesktop.org",
        "lastModified": 1701368958,
        "narHash": "sha256-7kvyoA91etzVEl9mkA/EJfB6z/PltxX7Xc4gcr7/xlo=",
        "owner": "wlroots",
        "repo": "wlroots",
        "rev": "5d639394f3e83b01596dcd166a44a9a1a2583350",
        "type": "gitlab"
      },
      "original": {
        "host": "gitlab.freedesktop.org",
        "owner": "wlroots",
        "repo": "wlroots",
        "rev": "5d639394f3e83b01596dcd166a44a9a1a2583350",
        "type": "gitlab"
      }
    },
    "xdph": {
      "inputs": {
        "hyprland-protocols": [
          "hyprland",
          "hyprland-protocols"
        ],
        "nixpkgs": [
          "hyprland",
          "nixpkgs"
        ],
        "systems": [
          "hyprland",
          "systems"
        ]
      },
      "locked": {
        "lastModified": 1702334919,
        "narHash": "sha256-ibOZ3TLjqndGMcj2f+07NFwDWoum4IbzF58byZuJJNg=",
        "owner": "hyprwm",
        "repo": "xdg-desktop-portal-hyprland",
        "rev": "f5c3576c3b6cb1c31a8dfa3e4113f59bfe40cd71",
        "type": "github"
      },
      "original": {
        "owner": "hyprwm",
        "repo": "xdg-desktop-portal-hyprland",
        "type": "github"
      }
    }
  },
  "root": "root",
  "version": 7
}
